
Microsoft Visual Studio Solution File, Format Version 12.00
# Visual Studio 15
VisualStudioVersion = 15.0.28307.852
MinimumVisualStudioVersion = 10.0.40219.1
Project("{8BC9CEB8-8B4A-11D0-8D11-00A0C91BC942}") = "test", "test\test.vcxproj", "{5BFB1E38-2792-4966-89F8-461FEE49B160}"
EndProject
Project("{8BC9CEB8-8B4A-11D0-8D11-00A0C91BC942}") = "test2", "test2\test2.vcxproj", "{B8FB8A18-18DE-4559-BE4F-15D1C2E1E5FA}"
EndProject
Global
	GlobalSection(SolutionConfigurationPlatforms) = preSolution
		Debug|x64 = Debug|x64
		Debug|x86 = Debug|x86
		Release|x64 = Release|x64
		Release|x86 = Release|x86
	EndGlobalSection
	GlobalSection(ProjectConfigurationPlatforms) = postSolution
		{5BFB1E38-2792-4966-89F8-461FEE49B160}.Debug|x64.ActiveCfg = Debug|x64
		{5BFB1E38-2792-4966-89F8-461FEE49B160}.Debug|x64.Build.0 = Debug|x64
		{5BFB1E38-2792-4966-89F8-461FEE49B160}.Debug|x86.ActiveCfg = Debug|Win32
		{5BFB1E38-2792-4966-89F8-461FEE49B160}.Debug|x86.Build.0 = Debug|Win32
		{5BFB1E38-2792-4966-89F8-461FEE49B160}.Release|x64.ActiveCfg = Release|x64
		{5BFB1E38-2792-4966-89F8-461FEE49B160}.Release|x64.Build.0 = Release|x64
		{5BFB1E38-2792-4966-89F8-461FEE49B160}.Release|x86.ActiveCfg = Release|Win32
		{5BFB1E38-2792-4966-89F8-461FEE49B160}.Release|x86.Build.0 = Release|Win32
		{B8FB8A18-18DE-4559-BE4F-15D1C2E1E5FA}.Debug|x64.ActiveCfg = Debug|x64
		{B8FB8A18-18DE-4559-BE4F-15D1C2E1E5FA}.Debug|x64.Build.0 = Debug|x64
		{B8FB8A18-18DE-4559-BE4F-15D1C2E1E5FA}.Debug|x86.ActiveCfg = Debug|Win32
		{B8FB8A18-18DE-4559-BE4F-15D1C2E1E5FA}.Debug|x86.Build.0 = Debug|Win32
		{B8FB8A18-18DE-4559-BE4F-15D1C2E1E5FA}.Release|x64.ActiveCfg = Release|x64
		{B8FB8A18-18DE-4559-BE4F-15D1C2E1E5FA}.Release|x64.Build.0 = Release|x64
		{B8FB8A18-18DE-4559-BE4F-15D1C2E1E5FA}.Release|x86.ActiveCfg = Release|Win32
		{B8FB8A18-18DE-4559-BE4F-15D1C2E1E5FA}.Release|x86.Build.0 = Release|Win32
	EndGlobalSection
	GlobalSection(SolutionProperties) = preSolution
		HideSolutionNode = FALSE
	EndGlobalSection
	GlobalSection(ExtensibilityGlobals) = postSolution
		SolutionGuid = {8F717E67-2F8B-41BF-900A-10D9A1B87A9F}
	EndGlobalSection
EndGlobal
